
Microsoft Visual Studio Solution File, Format Version 12.00
# Visual Studio 15
Project("{FAE04EC0-301F-11D3-BF4B-00C04F79EFBC}") = "Assembly-CSharp", "Assembly-CSharp.csproj", "{1A090E7D-5C1C-03B8-4DF8-148772C8D991}"
EndProject
Global
	GlobalSection(SolutionConfigurationPlatforms) = preSolution
		Debug|Any CPU = Debug|Any CPU
		Release|Any CPU = Release|Any CPU
	EndGlobalSection
	GlobalSection(ProjectConfigurationPlatforms) = postSolution
		{1A090E7D-5C1C-03B8-4DF8-148772C8D991}.Debug|Any CPU.ActiveCfg = Debug|Any CPU
		{1A090E7D-5C1C-03B8-4DF8-148772C8D991}.Debug|Any CPU.Build.0 = Debug|Any CPU
		{1A090E7D-5C1C-03B8-4DF8-148772C8D991}.Release|Any CPU.ActiveCfg = Release|Any CPU
		{1A090E7D-5C1C-03B8-4DF8-148772C8D991}.Release|Any CPU.Build.0 = Release|Any CPU
	EndGlobalSection
	GlobalSection(SolutionProperties) = preSolution
		HideSolutionNode = FALSE
	EndGlobalSection
EndGlobal
